
Microsoft Visual Studio Solution File, Format Version 12.00
# Visual Studio Version 16
VisualStudioVersion = 16.0.30320.27
MinimumVisualStudioVersion = 10.0.40219.1
Project("{FAE04EC0-301F-11D3-BF4B-00C04F79EFBC}") = "Capstone", "Capstone\Capstone.csproj", "{8533ACE2-A555-46F8-BC89-C1B8C99F380B}"
EndProject
Global
	GlobalSection(SolutionConfigurationPlatforms) = preSolution
		Debug|Any CPU = Debug|Any CPU
		Release|Any CPU = Release|Any CPU
	EndGlobalSection
	GlobalSection(ProjectConfigurationPlatforms) = postSolution
		{8533ACE2-A555-46F8-BC89-C1B8C99F380B}.Debug|Any CPU.ActiveCfg = Debug|Any CPU
		{8533ACE2-A555-46F8-BC89-C1B8C99F380B}.Debug|Any CPU.Build.0 = Debug|Any CPU
		{8533ACE2-A555-46F8-BC89-C1B8C99F380B}.Release|Any CPU.ActiveCfg = Release|Any CPU
		{8533ACE2-A555-46F8-BC89-C1B8C99F380B}.Release|Any CPU.Build.0 = Release|Any CPU
	EndGlobalSection
	GlobalSection(SolutionProperties) = preSolution
		HideSolutionNode = FALSE
	EndGlobalSection
	GlobalSection(ExtensibilityGlobals) = postSolution
		SolutionGuid = {ADC617C9-F3BE-4E6E-8C83-2DD78C6C99CC}
	EndGlobalSection
EndGlobal
